
Microsoft Visual Studio Solution File, Format Version 12.00
# Visual Studio Version 16
VisualStudioVersion = 16.0.31624.102
MinimumVisualStudioVersion = 10.0.40219.1
Project("{FAE04EC0-301F-11D3-BF4B-00C04F79EFBC}") = "AutonomousChessBoard", "AutonomousChessBoard\AutonomousChessBoard.csproj", "{0CCDCA98-0944-4A03-80DC-318174648A76}"
EndProject
Project("{FAE04EC0-301F-11D3-BF4B-00C04F79EFBC}") = "ChessInterfacing", "ChessInterfacing\ChessInterfacing.csproj", "{BDC96155-1F7C-46A5-AC32-70BACB13A4C2}"
EndProject
Global
	GlobalSection(SolutionConfigurationPlatforms) = preSolution
		Debug|Any CPU = Debug|Any CPU
		Release|Any CPU = Release|Any CPU
	EndGlobalSection
	GlobalSection(ProjectConfigurationPlatforms) = postSolution
		{0CCDCA98-0944-4A03-80DC-318174648A76}.Debug|Any CPU.ActiveCfg = Debug|Any CPU
		{0CCDCA98-0944-4A03-80DC-318174648A76}.Debug|Any CPU.Build.0 = Debug|Any CPU
		{0CCDCA98-0944-4A03-80DC-318174648A76}.Release|Any CPU.ActiveCfg = Release|Any CPU
		{0CCDCA98-0944-4A03-80DC-318174648A76}.Release|Any CPU.Build.0 = Release|Any CPU
		{BDC96155-1F7C-46A5-AC32-70BACB13A4C2}.Debug|Any CPU.ActiveCfg = Debug|Any CPU
		{BDC96155-1F7C-46A5-AC32-70BACB13A4C2}.Debug|Any CPU.Build.0 = Debug|Any CPU
		{BDC96155-1F7C-46A5-AC32-70BACB13A4C2}.Release|Any CPU.ActiveCfg = Release|Any CPU
		{BDC96155-1F7C-46A5-AC32-70BACB13A4C2}.Release|Any CPU.Build.0 = Release|Any CPU
	EndGlobalSection
	GlobalSection(SolutionProperties) = preSolution
		HideSolutionNode = FALSE
	EndGlobalSection
	GlobalSection(ExtensibilityGlobals) = postSolution
		SolutionGuid = {A5E98BFF-345A-4655-A1C9-7FEC335D4686}
	EndGlobalSection
EndGlobal
