
Microsoft Visual Studio Solution File, Format Version 12.00
# Visual Studio Version 16
VisualStudioVersion = 16.0.31624.102
MinimumVisualStudioVersion = 10.0.40219.1
Project("{FAE04EC0-301F-11D3-BF4B-00C04F79EFBC}") = "ChessboardMovement", "ChessboardMovement\ChessboardMovement.csproj", "{E6615330-5EB5-46BB-8229-48845E8F8EE5}"
EndProject
Global
	GlobalSection(SolutionConfigurationPlatforms) = preSolution
		Debug|Any CPU = Debug|Any CPU
		Release|Any CPU = Release|Any CPU
	EndGlobalSection
	GlobalSection(ProjectConfigurationPlatforms) = postSolution
		{E6615330-5EB5-46BB-8229-48845E8F8EE5}.Debug|Any CPU.ActiveCfg = Debug|Any CPU
		{E6615330-5EB5-46BB-8229-48845E8F8EE5}.Debug|Any CPU.Build.0 = Debug|Any CPU
		{E6615330-5EB5-46BB-8229-48845E8F8EE5}.Release|Any CPU.ActiveCfg = Release|Any CPU
		{E6615330-5EB5-46BB-8229-48845E8F8EE5}.Release|Any CPU.Build.0 = Release|Any CPU
	EndGlobalSection
	GlobalSection(SolutionProperties) = preSolution
		HideSolutionNode = FALSE
	EndGlobalSection
	GlobalSection(ExtensibilityGlobals) = postSolution
		SolutionGuid = {FAD8D6E0-77AF-45DC-9661-43A1CF05EB1B}
	EndGlobalSection
EndGlobal
